# This file is automatically @generated by Cargo.
# It is not intended for manual editing.
version = 3

[[package]]
name = "sgx-helpers"
version = "0.1.0"
dependencies = [
 "sgx_types",
]

[[package]]
name = "sgx_types"
version = "1.1.4"
source = "git+https://github.com/apache/incubator-teaclave-sgx-sdk?rev=565960cd7b4b36d1188459d75652619971c43f7e#565960cd7b4b36d1188459d75652619971c43f7e"
