# This file is automatically @generated by Cargo.
# It is not intended for manual editing.
version = 3

[[package]]
name = "sgx-helpers"
version = "0.1.0"
dependencies = [
 "sgx_types",
]

[[package]]
name = "sgx_types"
version = "1.1.4"
source = "git+https://github.com/apache/incubator-teaclave-sgx-sdk?rev=863378876c55025084572e22554bbedd57eead97#863378876c55025084572e22554bbedd57eead97"
