# This file is automatically @generated by Cargo.
# It is not intended for manual editing.
version = 3

[[package]]
name = "sgx-helpers"
version = "0.1.0"
dependencies = [
 "sgx_types",
]

[[package]]
name = "sgx_types"
version = "1.1.4"
source = "git+https://github.com/apache/incubator-teaclave-sgx-sdk?rev=e8a9fc22939befa27ff67f5509b2c2dfe8499945#e8a9fc22939befa27ff67f5509b2c2dfe8499945"
